
Microsoft Visual Studio Solution File, Format Version 12.00
# Visual Studio 15
VisualStudioVersion = 15.0.28307.329
MinimumVisualStudioVersion = 10.0.40219.1
Project("{9A19103F-16F7-4668-BE54-9A1E7A4F7556}") = "ARTBOX", "ARTBOX\ARTBOX.csproj", "{D0FC521A-58B4-4246-8612-F11E465FED1B}"
EndProject
Project("{9A19103F-16F7-4668-BE54-9A1E7A4F7556}") = "SimpleImagesGallery.Data", "SimpleImagesGallery.Data\SimpleImagesGallery.Data.csproj", "{5F41F1F2-D15E-4E06-8958-FE94DBD8796A}"
EndProject
Project("{9A19103F-16F7-4668-BE54-9A1E7A4F7556}") = "SimpleImageGallery.Services", "SimpleImageGallery.Services\SimpleImageGallery.Services.csproj", "{10305810-E8CA-4ABD-A438-E235512E9625}"
EndProject
Global
	GlobalSection(SolutionConfigurationPlatforms) = preSolution
		Debug|Any CPU = Debug|Any CPU
		Release|Any CPU = Release|Any CPU
	EndGlobalSection
	GlobalSection(ProjectConfigurationPlatforms) = postSolution
		{D0FC521A-58B4-4246-8612-F11E465FED1B}.Debug|Any CPU.ActiveCfg = Debug|Any CPU
		{D0FC521A-58B4-4246-8612-F11E465FED1B}.Debug|Any CPU.Build.0 = Debug|Any CPU
		{D0FC521A-58B4-4246-8612-F11E465FED1B}.Release|Any CPU.ActiveCfg = Release|Any CPU
		{D0FC521A-58B4-4246-8612-F11E465FED1B}.Release|Any CPU.Build.0 = Release|Any CPU
		{5F41F1F2-D15E-4E06-8958-FE94DBD8796A}.Debug|Any CPU.ActiveCfg = Debug|Any CPU
		{5F41F1F2-D15E-4E06-8958-FE94DBD8796A}.Debug|Any CPU.Build.0 = Debug|Any CPU
		{5F41F1F2-D15E-4E06-8958-FE94DBD8796A}.Release|Any CPU.ActiveCfg = Release|Any CPU
		{5F41F1F2-D15E-4E06-8958-FE94DBD8796A}.Release|Any CPU.Build.0 = Release|Any CPU
		{10305810-E8CA-4ABD-A438-E235512E9625}.Debug|Any CPU.ActiveCfg = Debug|Any CPU
		{10305810-E8CA-4ABD-A438-E235512E9625}.Debug|Any CPU.Build.0 = Debug|Any CPU
		{10305810-E8CA-4ABD-A438-E235512E9625}.Release|Any CPU.ActiveCfg = Release|Any CPU
		{10305810-E8CA-4ABD-A438-E235512E9625}.Release|Any CPU.Build.0 = Release|Any CPU
	EndGlobalSection
	GlobalSection(SolutionProperties) = preSolution
		HideSolutionNode = FALSE
	EndGlobalSection
	GlobalSection(ExtensibilityGlobals) = postSolution
		SolutionGuid = {61EDA8F3-4F73-477F-8BD5-7BDA9E14F979}
	EndGlobalSection
EndGlobal
